
Microsoft Visual Studio Solution File, Format Version 12.00
# Visual Studio Version 17
VisualStudioVersion = 17.3.32929.385
MinimumVisualStudioVersion = 10.0.40219.1
Project("{FAE04EC0-301F-11D3-BF4B-00C04F79EFBC}") = "STB_App", "STB_App\STB_App.csproj", "{4F1D0AFB-7127-46F0-AE5C-59008CD0DE9B}"
EndProject
Global
	GlobalSection(SolutionConfigurationPlatforms) = preSolution
		Debug|Any CPU = Debug|Any CPU
		Release|Any CPU = Release|Any CPU
	EndGlobalSection
	GlobalSection(ProjectConfigurationPlatforms) = postSolution
		{4F1D0AFB-7127-46F0-AE5C-59008CD0DE9B}.Debug|Any CPU.ActiveCfg = Debug|Any CPU
		{4F1D0AFB-7127-46F0-AE5C-59008CD0DE9B}.Debug|Any CPU.Build.0 = Debug|Any CPU
		{4F1D0AFB-7127-46F0-AE5C-59008CD0DE9B}.Release|Any CPU.ActiveCfg = Release|Any CPU
		{4F1D0AFB-7127-46F0-AE5C-59008CD0DE9B}.Release|Any CPU.Build.0 = Release|Any CPU
	EndGlobalSection
	GlobalSection(SolutionProperties) = preSolution
		HideSolutionNode = FALSE
	EndGlobalSection
	GlobalSection(ExtensibilityGlobals) = postSolution
		SolutionGuid = {F748059C-6023-4688-BD2C-76613E75BF7B}
	EndGlobalSection
EndGlobal
